{
  "name": "practice-of-front-end",
  "version": "1.0.0",
  "lockfileVersion": 1,
  "requires": true,
  "dependencies": {
    "@types/jest": {
      "version": "24.0.21",
      "resolved": "https://registry.npm.taobao.org/@types/jest/download/@types/jest-24.0.21.tgz",
      "integrity": "sha1-LAolRA4CW7Jl9KF9i3mxGyMUJr8=",
      "requires": {
        "@types/jest-diff": "*"
      }
    },
    "@types/jest-diff": {
      "version": "20.0.1",
      "resolved": "https://registry.npm.taobao.org/@types/jest-diff/download/@types/jest-diff-20.0.1.tgz?cache=0&other_urls=https%3A%2F%2Fregistry.npm.taobao.org%2F%40types%2Fjest-diff%2Fdownload%2F%40types%2Fjest-diff-20.0.1.tgz",
      "integrity": "sha1-NcwVucTzChjvIYUuJV/bAvbVm4k="
    },
    "@types/node": {
      "version": "12.11.7",
      "resolved": "https://registry.npm.taobao.org/@types/node/download/@types/node-12.11.7.tgz",
      "integrity": "sha1-V2gql3Gj97CcJJfygSmgRilmUko="
    }
  }
}
